
Microsoft Visual Studio Solution File, Format Version 12.00
# Visual Studio Version 17
VisualStudioVersion = 17.2.32505.173
MinimumVisualStudioVersion = 10.0.40219.1
Project("{8BC9CEB8-8B4A-11D0-8D11-00A0C91BC942}") = "lab7_1", "lab7_1\lab7_1.vcxproj", "{18656E9E-425D-44B1-B3B9-4B9343EE909B}"
EndProject
Global
	GlobalSection(SolutionConfigurationPlatforms) = preSolution
		Debug|x64 = Debug|x64
		Debug|x86 = Debug|x86
		Release|x64 = Release|x64
		Release|x86 = Release|x86
	EndGlobalSection
	GlobalSection(ProjectConfigurationPlatforms) = postSolution
		{18656E9E-425D-44B1-B3B9-4B9343EE909B}.Debug|x64.ActiveCfg = Debug|x64
		{18656E9E-425D-44B1-B3B9-4B9343EE909B}.Debug|x64.Build.0 = Debug|x64
		{18656E9E-425D-44B1-B3B9-4B9343EE909B}.Debug|x86.ActiveCfg = Debug|Win32
		{18656E9E-425D-44B1-B3B9-4B9343EE909B}.Debug|x86.Build.0 = Debug|Win32
		{18656E9E-425D-44B1-B3B9-4B9343EE909B}.Release|x64.ActiveCfg = Release|x64
		{18656E9E-425D-44B1-B3B9-4B9343EE909B}.Release|x64.Build.0 = Release|x64
		{18656E9E-425D-44B1-B3B9-4B9343EE909B}.Release|x86.ActiveCfg = Release|Win32
		{18656E9E-425D-44B1-B3B9-4B9343EE909B}.Release|x86.Build.0 = Release|Win32
	EndGlobalSection
	GlobalSection(SolutionProperties) = preSolution
		HideSolutionNode = FALSE
	EndGlobalSection
	GlobalSection(ExtensibilityGlobals) = postSolution
		SolutionGuid = {88CBBF31-B452-438F-8E26-B7EB111691AE}
	EndGlobalSection
EndGlobal
