
Microsoft Visual Studio Solution File, Format Version 12.00
# Visual Studio Version 16
VisualStudioVersion = 16.0.31205.134
MinimumVisualStudioVersion = 10.0.40219.1
Project("{8BC9CEB8-8B4A-11D0-8D11-00A0C91BC942}") = "IZPP lab 1", "IZPP lab 1.vcxproj", "{9915BBEE-52E8-463D-A644-B89C308C10F6}"
EndProject
Global
	GlobalSection(SolutionConfigurationPlatforms) = preSolution
		Debug|x64 = Debug|x64
		Debug|x86 = Debug|x86
		Release|x64 = Release|x64
		Release|x86 = Release|x86
	EndGlobalSection
	GlobalSection(ProjectConfigurationPlatforms) = postSolution
		{9915BBEE-52E8-463D-A644-B89C308C10F6}.Debug|x64.ActiveCfg = Debug|x64
		{9915BBEE-52E8-463D-A644-B89C308C10F6}.Debug|x64.Build.0 = Debug|x64
		{9915BBEE-52E8-463D-A644-B89C308C10F6}.Debug|x86.ActiveCfg = Debug|Win32
		{9915BBEE-52E8-463D-A644-B89C308C10F6}.Debug|x86.Build.0 = Debug|Win32
		{9915BBEE-52E8-463D-A644-B89C308C10F6}.Release|x64.ActiveCfg = Release|x64
		{9915BBEE-52E8-463D-A644-B89C308C10F6}.Release|x64.Build.0 = Release|x64
		{9915BBEE-52E8-463D-A644-B89C308C10F6}.Release|x86.ActiveCfg = Release|Win32
		{9915BBEE-52E8-463D-A644-B89C308C10F6}.Release|x86.Build.0 = Release|Win32
	EndGlobalSection
	GlobalSection(SolutionProperties) = preSolution
		HideSolutionNode = FALSE
	EndGlobalSection
	GlobalSection(ExtensibilityGlobals) = postSolution
		SolutionGuid = {D6472268-FEFA-4A84-BF21-941A2FE3A1B3}
	EndGlobalSection
EndGlobal
